
Microsoft Visual Studio Solution File, Format Version 12.00
Project("{2150E333-8FDC-42A3-9474-1A3956D46DE8}") = "Src", "Src", "{F4B7F0A7-E0EA-4A9E-8041-5EA057250C7F}"
EndProject
Project("{2150E333-8FDC-42A3-9474-1A3956D46DE8}") = "Apps", "Apps", "{9FCEAFE3-ADB8-4A23-A91B-B7387D8B6F1B}"
EndProject
Project("{2150E333-8FDC-42A3-9474-1A3956D46DE8}") = "Core", "Core", "{5B36C092-D2B3-470E-B5C4-F9258B61393C}"
EndProject
Project("{2150E333-8FDC-42A3-9474-1A3956D46DE8}") = "Services", "Services", "{C0B5A42E-5F7B-4927-9F2E-C9757687D9A6}"
EndProject
Project("{2150E333-8FDC-42A3-9474-1A3956D46DE8}") = "Persons", "Persons", "{C7D34EA1-5F52-4C78-A0BC-085A53B4D9A2}"
EndProject
Project("{2150E333-8FDC-42A3-9474-1A3956D46DE8}") = "Shared", "Shared", "{A80515DE-53D5-4A23-A6A4-44AE89830F4B}"
EndProject
Project("{2150E333-8FDC-42A3-9474-1A3956D46DE8}") = "Infra", "Infra", "{8F5EE7EB-BD5F-4D53-89AB-2CEA908A1B20}"
EndProject
Project("{FAE04EC0-301F-11D3-BF4B-00C04F79EFBC}") = "My.Exceptions", "Src\Core\My.Exceptions\My.Exceptions.csproj", "{00BE2FA3-A45F-40AC-A300-66B939421399}"
EndProject
Project("{FAE04EC0-301F-11D3-BF4B-00C04F79EFBC}") = "My.System.Extensions", "Src\Core\My.System.Extensions\My.System.Extensions.csproj", "{5EB99CC1-9AA7-4E10-92B0-A9276CFB51AD}"
EndProject
Project("{FAE04EC0-301F-11D3-BF4B-00C04F79EFBC}") = "My.Data.InterceptableDbConnection", "Src\Core\My.Data.InterceptableDbConnection\My.Data.InterceptableDbConnection.csproj", "{AE4B1CF9-0D71-41F6-AAB2-A1F2585A6B3D}"
EndProject
Project("{FAE04EC0-301F-11D3-BF4B-00C04F79EFBC}") = "Records.Shared.Contracts", "Src\Services\Shared\Records.Shared.Contracts\Records.Shared.Contracts.csproj", "{99243116-ED1B-4965-92CD-A10AFAD583DD}"
EndProject
Project("{FAE04EC0-301F-11D3-BF4B-00C04F79EFBC}") = "Records.Shared.Infra.Http", "Src\Services\Shared\Records.Shared.Infra.Http\Records.Shared.Infra.Http.csproj", "{9CED4C99-3C87-4E5A-B213-9DE8340B2976}"
EndProject
Global
	GlobalSection(SolutionConfigurationPlatforms) = preSolution
		Debug|Any CPU = Debug|Any CPU
		Release|Any CPU = Release|Any CPU
	EndGlobalSection
	GlobalSection(ProjectConfigurationPlatforms) = postSolution
		{00BE2FA3-A45F-40AC-A300-66B939421399}.Debug|Any CPU.ActiveCfg = Debug|Any CPU
		{00BE2FA3-A45F-40AC-A300-66B939421399}.Debug|Any CPU.Build.0 = Debug|Any CPU
		{00BE2FA3-A45F-40AC-A300-66B939421399}.Release|Any CPU.ActiveCfg = Release|Any CPU
		{00BE2FA3-A45F-40AC-A300-66B939421399}.Release|Any CPU.Build.0 = Release|Any CPU
		{5EB99CC1-9AA7-4E10-92B0-A9276CFB51AD}.Debug|Any CPU.ActiveCfg = Debug|Any CPU
		{5EB99CC1-9AA7-4E10-92B0-A9276CFB51AD}.Debug|Any CPU.Build.0 = Debug|Any CPU
		{5EB99CC1-9AA7-4E10-92B0-A9276CFB51AD}.Release|Any CPU.ActiveCfg = Release|Any CPU
		{5EB99CC1-9AA7-4E10-92B0-A9276CFB51AD}.Release|Any CPU.Build.0 = Release|Any CPU
		{AE4B1CF9-0D71-41F6-AAB2-A1F2585A6B3D}.Debug|Any CPU.ActiveCfg = Debug|Any CPU
		{AE4B1CF9-0D71-41F6-AAB2-A1F2585A6B3D}.Debug|Any CPU.Build.0 = Debug|Any CPU
		{AE4B1CF9-0D71-41F6-AAB2-A1F2585A6B3D}.Release|Any CPU.ActiveCfg = Release|Any CPU
		{AE4B1CF9-0D71-41F6-AAB2-A1F2585A6B3D}.Release|Any CPU.Build.0 = Release|Any CPU
		{99243116-ED1B-4965-92CD-A10AFAD583DD}.Debug|Any CPU.ActiveCfg = Debug|Any CPU
		{99243116-ED1B-4965-92CD-A10AFAD583DD}.Debug|Any CPU.Build.0 = Debug|Any CPU
		{99243116-ED1B-4965-92CD-A10AFAD583DD}.Release|Any CPU.ActiveCfg = Release|Any CPU
		{99243116-ED1B-4965-92CD-A10AFAD583DD}.Release|Any CPU.Build.0 = Release|Any CPU
		{9CED4C99-3C87-4E5A-B213-9DE8340B2976}.Debug|Any CPU.ActiveCfg = Debug|Any CPU
		{9CED4C99-3C87-4E5A-B213-9DE8340B2976}.Debug|Any CPU.Build.0 = Debug|Any CPU
		{9CED4C99-3C87-4E5A-B213-9DE8340B2976}.Release|Any CPU.ActiveCfg = Release|Any CPU
		{9CED4C99-3C87-4E5A-B213-9DE8340B2976}.Release|Any CPU.Build.0 = Release|Any CPU
	EndGlobalSection
	GlobalSection(NestedProjects) = preSolution
		{9FCEAFE3-ADB8-4A23-A91B-B7387D8B6F1B} = {F4B7F0A7-E0EA-4A9E-8041-5EA057250C7F}
		{5B36C092-D2B3-470E-B5C4-F9258B61393C} = {F4B7F0A7-E0EA-4A9E-8041-5EA057250C7F}
		{C0B5A42E-5F7B-4927-9F2E-C9757687D9A6} = {F4B7F0A7-E0EA-4A9E-8041-5EA057250C7F}
		{C7D34EA1-5F52-4C78-A0BC-085A53B4D9A2} = {C0B5A42E-5F7B-4927-9F2E-C9757687D9A6}
		{A80515DE-53D5-4A23-A6A4-44AE89830F4B} = {C0B5A42E-5F7B-4927-9F2E-C9757687D9A6}
		{8F5EE7EB-BD5F-4D53-89AB-2CEA908A1B20} = {A80515DE-53D5-4A23-A6A4-44AE89830F4B}
		{00BE2FA3-A45F-40AC-A300-66B939421399} = {5B36C092-D2B3-470E-B5C4-F9258B61393C}
		{5EB99CC1-9AA7-4E10-92B0-A9276CFB51AD} = {5B36C092-D2B3-470E-B5C4-F9258B61393C}
		{AE4B1CF9-0D71-41F6-AAB2-A1F2585A6B3D} = {5B36C092-D2B3-470E-B5C4-F9258B61393C}
		{99243116-ED1B-4965-92CD-A10AFAD583DD} = {A80515DE-53D5-4A23-A6A4-44AE89830F4B}
		{9CED4C99-3C87-4E5A-B213-9DE8340B2976} = {8F5EE7EB-BD5F-4D53-89AB-2CEA908A1B20}
	EndGlobalSection
EndGlobal
