
Microsoft Visual Studio Solution File, Format Version 12.00
# Visual Studio Version 18
VisualStudioVersion = 18.10.12210.168
MinimumVisualStudioVersion = 10.0.40219.1
Project("{2150E333-8FDC-42A3-9474-1A3956D46DE8}") = "Src", "Src", "{F4B7F0A7-E0EA-4A9E-8041-5EA057250C7F}"
EndProject
Project("{2150E333-8FDC-42A3-9474-1A3956D46DE8}") = "Apps", "Apps", "{9FCEAFE3-ADB8-4A23-A91B-B7387D8B6F1B}"
EndProject
Project("{2150E333-8FDC-42A3-9474-1A3956D46DE8}") = "Core", "Core", "{5B36C092-D2B3-470E-B5C4-F9258B61393C}"
EndProject
Project("{2150E333-8FDC-42A3-9474-1A3956D46DE8}") = "Modules", "Modules", "{C0B5A42E-5F7B-4927-9F2E-C9757687D9A6}"
EndProject
Project("{2150E333-8FDC-42A3-9474-1A3956D46DE8}") = "Persons", "Persons", "{C7D34EA1-5F52-4C78-A0BC-085A53B4D9A2}"
EndProject
Project("{2150E333-8FDC-42A3-9474-1A3956D46DE8}") = "Shared", "Shared", "{A80515DE-53D5-4A23-A6A4-44AE89830F4B}"
EndProject
Project("{2150E333-8FDC-42A3-9474-1A3956D46DE8}") = "Infra", "Infra", "{8F5EE7EB-BD5F-4D53-89AB-2CEA908A1B20}"
EndProject
Project("{FAE04EC0-301F-11D3-BF4B-00C04F79EFBC}") = "My.Exceptions", "Src\Core\My.Exceptions\My.Exceptions.csproj", "{00BE2FA3-A45F-40AC-A300-66B939421399}"
EndProject
Project("{FAE04EC0-301F-11D3-BF4B-00C04F79EFBC}") = "My.System.Extensions", "Src\Core\My.System.Extensions\My.System.Extensions.csproj", "{5EB99CC1-9AA7-4E10-92B0-A9276CFB51AD}"
EndProject
Project("{FAE04EC0-301F-11D3-BF4B-00C04F79EFBC}") = "My.Data.InterceptableDbConnection", "Src\Core\My.Data.InterceptableDbConnection\My.Data.InterceptableDbConnection.csproj", "{AE4B1CF9-0D71-41F6-AAB2-A1F2585A6B3D}"
EndProject
Project("{FAE04EC0-301F-11D3-BF4B-00C04F79EFBC}") = "Records.Shared.Contracts", "Src\Modules\Shared\Records.Shared.Contracts\Records.Shared.Contracts.csproj", "{99243116-ED1B-4965-92CD-A10AFAD583DD}"
EndProject
Project("{FAE04EC0-301F-11D3-BF4B-00C04F79EFBC}") = "Records.Shared.Infra.Http", "Src\Modules\Shared\Records.Shared.Infra.Http\Records.Shared.Infra.Http.csproj", "{9CED4C99-3C87-4E5A-B213-9DE8340B2976}"
EndProject
Project("{FAE04EC0-301F-11D3-BF4B-00C04F79EFBC}") = "Records.Shared.Configuration", "Src\Modules\Shared\Records.Shared.Configuration\Records.Shared.Configuration.csproj", "{1D1616EA-C9EF-46A4-9301-36C08D0BE50C}"
EndProject
Project("{FAE04EC0-301F-11D3-BF4B-00C04F79EFBC}") = "Records.Persons.Shared.Configuration", "Src\Modules\Persons\Records.Persons.Shared.Configuration\Records.Persons.Shared.Configuration.csproj", "{01AA80E0-17A8-4437-9F64-41E46912B751}"
EndProject
Project("{2150E333-8FDC-42A3-9474-1A3956D46DE8}") = "Shared", "Shared", "{365F7513-4E29-4867-A8DF-D2FB76575ED9}"
EndProject
Project("{2150E333-8FDC-42A3-9474-1A3956D46DE8}") = "Infra", "Infra", "{44576F95-D848-4440-8F06-ACFBF5FC2032}"
EndProject
Project("{FAE04EC0-301F-11D3-BF4B-00C04F79EFBC}") = "Records.Persons.Infra.Configuration.DependencyInjection", "Src\Modules\Persons\Records.Persons.Infra.Configuration.DependencyInjection\Records.Persons.Infra.Configuration.DependencyInjection.csproj", "{E71479E8-04D7-409A-A13D-F86488734658}"
EndProject
Project("{FAE04EC0-301F-11D3-BF4B-00C04F79EFBC}") = "Records.Shared.Infra.OpenApi.DependencyInjection", "Src\Modules\Shared\Records.Shared.Infra.OpenApi.DependencyInjection\Records.Shared.Infra.OpenApi.DependencyInjection.csproj", "{02ACBE6C-77A0-47BF-84DB-B634D929CC8E}"
EndProject
Project("{FAE04EC0-301F-11D3-BF4B-00C04F79EFBC}") = "Records.Shared.Infra.Serilog.DependencyInjection", "Src\Modules\Shared\Records.Shared.Infra.Serilog.DependencyInjection\Records.Shared.Infra.Serilog.DependencyInjection.csproj", "{13F2E6BD-6318-4A0B-8544-18C1FAE7E48B}"
EndProject
Project("{2150E333-8FDC-42A3-9474-1A3956D46DE8}") = "Solution Items", "Solution Items", "{14F135E3-6009-4CE2-AEA0-F5F7FF2CF6EE}"
	ProjectSection(SolutionItems) = preProject
		.editorconfig = .editorconfig
		.gitignore = .gitignore
		Directory.Build.props = Directory.Build.props
		stylecop.json = stylecop.json
	EndProjectSection
EndProject
Project("{FAE04EC0-301F-11D3-BF4B-00C04F79EFBC}") = "Records.Shared.Infra.Http.DependencyInjection", "Src\Modules\Shared\Records.Shared.Infra.Http.DependencyInjection\Records.Shared.Infra.Http.DependencyInjection.csproj", "{5E16EEC9-0E7E-4A05-AEB6-28CC0FB1EA95}"
EndProject
Project("{FAE04EC0-301F-11D3-BF4B-00C04F79EFBC}") = "Records.Persons.Api.V1", "Src\Apps\Records.Persons.Api.V1\Records.Persons.Api.V1.csproj", "{51E210BA-697C-74C9-4589-A5E2BA63BBD4}"
EndProject
Project("{FAE04EC0-301F-11D3-BF4B-00C04F79EFBC}") = "Records.Persons.Application", "Src\Modules\Persons\Records.Persons.Application\Records.Persons.Application.csproj", "{3B3ACB71-1502-404C-8BC1-F1FB9A433A6C}"
EndProject
Project("{FAE04EC0-301F-11D3-BF4B-00C04F79EFBC}") = "Records.Persons.Dtos", "Src\Modules\Persons\Records.Persons.Dtos\Records.Persons.Dtos.csproj", "{BAFB8C68-DE84-4481-93C8-252205C3F0B4}"
EndProject
Project("{FAE04EC0-301F-11D3-BF4B-00C04F79EFBC}") = "Records.Shared.Application.DependencyInjection", "Src\Modules\Shared\Records.Shared.Application.DependencyInjection\Records.Shared.Application.DependencyInjection.csproj", "{4831429B-19D1-4F79-A5B7-CB60933AEAC3}"
EndProject
Project("{FAE04EC0-301F-11D3-BF4B-00C04F79EFBC}") = "Records.Shared.Mediator.Abstractions", "Src\Modules\Shared\Records.Shared.Mediator.Abstractions\Records.Shared.Mediator.Abstractions.csproj", "{9F25044C-757C-4FEF-B34A-AD2316A985DC}"
EndProject
Project("{FAE04EC0-301F-11D3-BF4B-00C04F79EFBC}") = "Records.Shared.Mediator", "Src\Modules\Shared\Records.Shared.Mediator\Records.Shared.Mediator.csproj", "{ACFD739C-52E9-497C-98B5-2D23AAA7872E}"
EndProject
Project("{FAE04EC0-301F-11D3-BF4B-00C04F79EFBC}") = "Records.Shared.Mediator.DependencyInjection", "Src\Modules\Shared\Records.Shared.Mediator.DependencyInjection\Records.Shared.Mediator.DependencyInjection.csproj", "{29D2F944-52E4-4635-8AFF-322F78BD6949}"
EndProject
Project("{FAE04EC0-301F-11D3-BF4B-00C04F79EFBC}") = "Records.Shared.Domain", "Src\Modules\Shared\Records.Shared.Domain\Records.Shared.Domain.csproj", "{ACA23A20-AFF6-470F-8196-2B62A3EE320A}"
EndProject
Project("{FAE04EC0-301F-11D3-BF4B-00C04F79EFBC}") = "Records.Shared.Messaging", "Src\Modules\Shared\Records.Shared.Messaging\Records.Shared.Messaging.csproj", "{865F06DD-D441-4483-B723-81BCD3E78CEF}"
EndProject
Project("{FAE04EC0-301F-11D3-BF4B-00C04F79EFBC}") = "Records.Shared.Application", "Src\Modules\Shared\Records.Shared.Application\Records.Shared.Application.csproj", "{FCD0BF90-0E9D-4779-9D0A-D5CDB4EA5470}"
EndProject
Project("{FAE04EC0-301F-11D3-BF4B-00C04F79EFBC}") = "Records.Shared.Infra.Persistence", "Src\Modules\Shared\Records.Shared.Infra.Persistence\Records.Shared.Infra.Persistence.csproj", "{B7525457-507E-47EC-B54E-B633827E2084}"
EndProject
Project("{FAE04EC0-301F-11D3-BF4B-00C04F79EFBC}") = "Records.Shared.Infra.Persistence.Abstractions", "Src\Modules\Shared\Records.Shared.Infra.Persistence.Abstractions\Records.Shared.Infra.Persistence.Abstractions.csproj", "{E45B364C-55C6-46BC-89BD-2D5F31CBE22A}"
EndProject
Project("{FAE04EC0-301F-11D3-BF4B-00C04F79EFBC}") = "Records.Shared.Infra.Persistence.DependencyInjection", "Src\Modules\Shared\Records.Shared.Infra.Persistence.DependencyInjection\Records.Shared.Infra.Persistence.DependencyInjection.csproj", "{27F1B3B5-7757-4942-B440-DFB748D992FB}"
EndProject
Project("{FAE04EC0-301F-11D3-BF4B-00C04F79EFBC}") = "Records.Shared.Infra.Persistence.Mappings.Abstractions", "Src\Modules\Shared\Records.Shared.Infra.Persistence.Mappings.Abstractions\Records.Shared.Infra.Persistence.Mappings.Abstractions.csproj", "{51CCB65A-E041-4A7E-9E70-E4F9AFAA8D89}"
EndProject
Global
	GlobalSection(SolutionConfigurationPlatforms) = preSolution
		Debug|Any CPU = Debug|Any CPU
		Release|Any CPU = Release|Any CPU
	EndGlobalSection
	GlobalSection(ProjectConfigurationPlatforms) = postSolution
		{00BE2FA3-A45F-40AC-A300-66B939421399}.Debug|Any CPU.ActiveCfg = Debug|Any CPU
		{00BE2FA3-A45F-40AC-A300-66B939421399}.Debug|Any CPU.Build.0 = Debug|Any CPU
		{00BE2FA3-A45F-40AC-A300-66B939421399}.Release|Any CPU.ActiveCfg = Release|Any CPU
		{00BE2FA3-A45F-40AC-A300-66B939421399}.Release|Any CPU.Build.0 = Release|Any CPU
		{5EB99CC1-9AA7-4E10-92B0-A9276CFB51AD}.Debug|Any CPU.ActiveCfg = Debug|Any CPU
		{5EB99CC1-9AA7-4E10-92B0-A9276CFB51AD}.Debug|Any CPU.Build.0 = Debug|Any CPU
		{5EB99CC1-9AA7-4E10-92B0-A9276CFB51AD}.Release|Any CPU.ActiveCfg = Release|Any CPU
		{5EB99CC1-9AA7-4E10-92B0-A9276CFB51AD}.Release|Any CPU.Build.0 = Release|Any CPU
		{AE4B1CF9-0D71-41F6-AAB2-A1F2585A6B3D}.Debug|Any CPU.ActiveCfg = Debug|Any CPU
		{AE4B1CF9-0D71-41F6-AAB2-A1F2585A6B3D}.Debug|Any CPU.Build.0 = Debug|Any CPU
		{AE4B1CF9-0D71-41F6-AAB2-A1F2585A6B3D}.Release|Any CPU.ActiveCfg = Release|Any CPU
		{AE4B1CF9-0D71-41F6-AAB2-A1F2585A6B3D}.Release|Any CPU.Build.0 = Release|Any CPU
		{99243116-ED1B-4965-92CD-A10AFAD583DD}.Debug|Any CPU.ActiveCfg = Debug|Any CPU
		{99243116-ED1B-4965-92CD-A10AFAD583DD}.Debug|Any CPU.Build.0 = Debug|Any CPU
		{99243116-ED1B-4965-92CD-A10AFAD583DD}.Release|Any CPU.ActiveCfg = Release|Any CPU
		{99243116-ED1B-4965-92CD-A10AFAD583DD}.Release|Any CPU.Build.0 = Release|Any CPU
		{9CED4C99-3C87-4E5A-B213-9DE8340B2976}.Debug|Any CPU.ActiveCfg = Debug|Any CPU
		{9CED4C99-3C87-4E5A-B213-9DE8340B2976}.Debug|Any CPU.Build.0 = Debug|Any CPU
		{9CED4C99-3C87-4E5A-B213-9DE8340B2976}.Release|Any CPU.ActiveCfg = Release|Any CPU
		{9CED4C99-3C87-4E5A-B213-9DE8340B2976}.Release|Any CPU.Build.0 = Release|Any CPU
		{1D1616EA-C9EF-46A4-9301-36C08D0BE50C}.Debug|Any CPU.ActiveCfg = Debug|Any CPU
		{1D1616EA-C9EF-46A4-9301-36C08D0BE50C}.Debug|Any CPU.Build.0 = Debug|Any CPU
		{1D1616EA-C9EF-46A4-9301-36C08D0BE50C}.Release|Any CPU.ActiveCfg = Release|Any CPU
		{1D1616EA-C9EF-46A4-9301-36C08D0BE50C}.Release|Any CPU.Build.0 = Release|Any CPU
		{01AA80E0-17A8-4437-9F64-41E46912B751}.Debug|Any CPU.ActiveCfg = Debug|Any CPU
		{01AA80E0-17A8-4437-9F64-41E46912B751}.Debug|Any CPU.Build.0 = Debug|Any CPU
		{01AA80E0-17A8-4437-9F64-41E46912B751}.Release|Any CPU.ActiveCfg = Release|Any CPU
		{01AA80E0-17A8-4437-9F64-41E46912B751}.Release|Any CPU.Build.0 = Release|Any CPU
		{E71479E8-04D7-409A-A13D-F86488734658}.Debug|Any CPU.ActiveCfg = Debug|Any CPU
		{E71479E8-04D7-409A-A13D-F86488734658}.Debug|Any CPU.Build.0 = Debug|Any CPU
		{E71479E8-04D7-409A-A13D-F86488734658}.Release|Any CPU.ActiveCfg = Release|Any CPU
		{E71479E8-04D7-409A-A13D-F86488734658}.Release|Any CPU.Build.0 = Release|Any CPU
		{02ACBE6C-77A0-47BF-84DB-B634D929CC8E}.Debug|Any CPU.ActiveCfg = Debug|Any CPU
		{02ACBE6C-77A0-47BF-84DB-B634D929CC8E}.Debug|Any CPU.Build.0 = Debug|Any CPU
		{02ACBE6C-77A0-47BF-84DB-B634D929CC8E}.Release|Any CPU.ActiveCfg = Release|Any CPU
		{02ACBE6C-77A0-47BF-84DB-B634D929CC8E}.Release|Any CPU.Build.0 = Release|Any CPU
		{13F2E6BD-6318-4A0B-8544-18C1FAE7E48B}.Debug|Any CPU.ActiveCfg = Debug|Any CPU
		{13F2E6BD-6318-4A0B-8544-18C1FAE7E48B}.Debug|Any CPU.Build.0 = Debug|Any CPU
		{13F2E6BD-6318-4A0B-8544-18C1FAE7E48B}.Release|Any CPU.ActiveCfg = Release|Any CPU
		{13F2E6BD-6318-4A0B-8544-18C1FAE7E48B}.Release|Any CPU.Build.0 = Release|Any CPU
		{5E16EEC9-0E7E-4A05-AEB6-28CC0FB1EA95}.Debug|Any CPU.ActiveCfg = Debug|Any CPU
		{5E16EEC9-0E7E-4A05-AEB6-28CC0FB1EA95}.Debug|Any CPU.Build.0 = Debug|Any CPU
		{5E16EEC9-0E7E-4A05-AEB6-28CC0FB1EA95}.Release|Any CPU.ActiveCfg = Release|Any CPU
		{5E16EEC9-0E7E-4A05-AEB6-28CC0FB1EA95}.Release|Any CPU.Build.0 = Release|Any CPU
		{51E210BA-697C-74C9-4589-A5E2BA63BBD4}.Debug|Any CPU.ActiveCfg = Debug|Any CPU
		{51E210BA-697C-74C9-4589-A5E2BA63BBD4}.Debug|Any CPU.Build.0 = Debug|Any CPU
		{51E210BA-697C-74C9-4589-A5E2BA63BBD4}.Release|Any CPU.ActiveCfg = Release|Any CPU
		{51E210BA-697C-74C9-4589-A5E2BA63BBD4}.Release|Any CPU.Build.0 = Release|Any CPU
		{3B3ACB71-1502-404C-8BC1-F1FB9A433A6C}.Debug|Any CPU.ActiveCfg = Debug|Any CPU
		{3B3ACB71-1502-404C-8BC1-F1FB9A433A6C}.Debug|Any CPU.Build.0 = Debug|Any CPU
		{3B3ACB71-1502-404C-8BC1-F1FB9A433A6C}.Release|Any CPU.ActiveCfg = Release|Any CPU
		{3B3ACB71-1502-404C-8BC1-F1FB9A433A6C}.Release|Any CPU.Build.0 = Release|Any CPU
		{BAFB8C68-DE84-4481-93C8-252205C3F0B4}.Debug|Any CPU.ActiveCfg = Debug|Any CPU
		{BAFB8C68-DE84-4481-93C8-252205C3F0B4}.Debug|Any CPU.Build.0 = Debug|Any CPU
		{BAFB8C68-DE84-4481-93C8-252205C3F0B4}.Release|Any CPU.ActiveCfg = Release|Any CPU
		{BAFB8C68-DE84-4481-93C8-252205C3F0B4}.Release|Any CPU.Build.0 = Release|Any CPU
		{4831429B-19D1-4F79-A5B7-CB60933AEAC3}.Debug|Any CPU.ActiveCfg = Debug|Any CPU
		{4831429B-19D1-4F79-A5B7-CB60933AEAC3}.Debug|Any CPU.Build.0 = Debug|Any CPU
		{4831429B-19D1-4F79-A5B7-CB60933AEAC3}.Release|Any CPU.ActiveCfg = Release|Any CPU
		{4831429B-19D1-4F79-A5B7-CB60933AEAC3}.Release|Any CPU.Build.0 = Release|Any CPU
		{9F25044C-757C-4FEF-B34A-AD2316A985DC}.Debug|Any CPU.ActiveCfg = Debug|Any CPU
		{9F25044C-757C-4FEF-B34A-AD2316A985DC}.Debug|Any CPU.Build.0 = Debug|Any CPU
		{9F25044C-757C-4FEF-B34A-AD2316A985DC}.Release|Any CPU.ActiveCfg = Release|Any CPU
		{9F25044C-757C-4FEF-B34A-AD2316A985DC}.Release|Any CPU.Build.0 = Release|Any CPU
		{ACFD739C-52E9-497C-98B5-2D23AAA7872E}.Debug|Any CPU.ActiveCfg = Debug|Any CPU
		{ACFD739C-52E9-497C-98B5-2D23AAA7872E}.Debug|Any CPU.Build.0 = Debug|Any CPU
		{ACFD739C-52E9-497C-98B5-2D23AAA7872E}.Release|Any CPU.ActiveCfg = Release|Any CPU
		{ACFD739C-52E9-497C-98B5-2D23AAA7872E}.Release|Any CPU.Build.0 = Release|Any CPU
		{29D2F944-52E4-4635-8AFF-322F78BD6949}.Debug|Any CPU.ActiveCfg = Debug|Any CPU
		{29D2F944-52E4-4635-8AFF-322F78BD6949}.Debug|Any CPU.Build.0 = Debug|Any CPU
		{29D2F944-52E4-4635-8AFF-322F78BD6949}.Release|Any CPU.ActiveCfg = Release|Any CPU
		{29D2F944-52E4-4635-8AFF-322F78BD6949}.Release|Any CPU.Build.0 = Release|Any CPU
		{ACA23A20-AFF6-470F-8196-2B62A3EE320A}.Debug|Any CPU.ActiveCfg = Debug|Any CPU
		{ACA23A20-AFF6-470F-8196-2B62A3EE320A}.Debug|Any CPU.Build.0 = Debug|Any CPU
		{ACA23A20-AFF6-470F-8196-2B62A3EE320A}.Release|Any CPU.ActiveCfg = Release|Any CPU
		{ACA23A20-AFF6-470F-8196-2B62A3EE320A}.Release|Any CPU.Build.0 = Release|Any CPU
		{865F06DD-D441-4483-B723-81BCD3E78CEF}.Debug|Any CPU.ActiveCfg = Debug|Any CPU
		{865F06DD-D441-4483-B723-81BCD3E78CEF}.Debug|Any CPU.Build.0 = Debug|Any CPU
		{865F06DD-D441-4483-B723-81BCD3E78CEF}.Release|Any CPU.ActiveCfg = Release|Any CPU
		{865F06DD-D441-4483-B723-81BCD3E78CEF}.Release|Any CPU.Build.0 = Release|Any CPU
		{FCD0BF90-0E9D-4779-9D0A-D5CDB4EA5470}.Debug|Any CPU.ActiveCfg = Debug|Any CPU
		{FCD0BF90-0E9D-4779-9D0A-D5CDB4EA5470}.Debug|Any CPU.Build.0 = Debug|Any CPU
		{FCD0BF90-0E9D-4779-9D0A-D5CDB4EA5470}.Release|Any CPU.ActiveCfg = Release|Any CPU
		{FCD0BF90-0E9D-4779-9D0A-D5CDB4EA5470}.Release|Any CPU.Build.0 = Release|Any CPU
		{B7525457-507E-47EC-B54E-B633827E2084}.Debug|Any CPU.ActiveCfg = Debug|Any CPU
		{B7525457-507E-47EC-B54E-B633827E2084}.Debug|Any CPU.Build.0 = Debug|Any CPU
		{B7525457-507E-47EC-B54E-B633827E2084}.Release|Any CPU.ActiveCfg = Release|Any CPU
		{B7525457-507E-47EC-B54E-B633827E2084}.Release|Any CPU.Build.0 = Release|Any CPU
		{E45B364C-55C6-46BC-89BD-2D5F31CBE22A}.Debug|Any CPU.ActiveCfg = Debug|Any CPU
		{E45B364C-55C6-46BC-89BD-2D5F31CBE22A}.Debug|Any CPU.Build.0 = Debug|Any CPU
		{E45B364C-55C6-46BC-89BD-2D5F31CBE22A}.Release|Any CPU.ActiveCfg = Release|Any CPU
		{E45B364C-55C6-46BC-89BD-2D5F31CBE22A}.Release|Any CPU.Build.0 = Release|Any CPU
		{27F1B3B5-7757-4942-B440-DFB748D992FB}.Debug|Any CPU.ActiveCfg = Debug|Any CPU
		{27F1B3B5-7757-4942-B440-DFB748D992FB}.Debug|Any CPU.Build.0 = Debug|Any CPU
		{27F1B3B5-7757-4942-B440-DFB748D992FB}.Release|Any CPU.ActiveCfg = Release|Any CPU
		{27F1B3B5-7757-4942-B440-DFB748D992FB}.Release|Any CPU.Build.0 = Release|Any CPU
		{51CCB65A-E041-4A7E-9E70-E4F9AFAA8D89}.Debug|Any CPU.ActiveCfg = Debug|Any CPU
		{51CCB65A-E041-4A7E-9E70-E4F9AFAA8D89}.Debug|Any CPU.Build.0 = Debug|Any CPU
		{51CCB65A-E041-4A7E-9E70-E4F9AFAA8D89}.Release|Any CPU.ActiveCfg = Release|Any CPU
		{51CCB65A-E041-4A7E-9E70-E4F9AFAA8D89}.Release|Any CPU.Build.0 = Release|Any CPU
	EndGlobalSection
	GlobalSection(SolutionProperties) = preSolution
		HideSolutionNode = FALSE
	EndGlobalSection
	GlobalSection(NestedProjects) = preSolution
		{9FCEAFE3-ADB8-4A23-A91B-B7387D8B6F1B} = {F4B7F0A7-E0EA-4A9E-8041-5EA057250C7F}
		{5B36C092-D2B3-470E-B5C4-F9258B61393C} = {F4B7F0A7-E0EA-4A9E-8041-5EA057250C7F}
		{C0B5A42E-5F7B-4927-9F2E-C9757687D9A6} = {F4B7F0A7-E0EA-4A9E-8041-5EA057250C7F}
		{C7D34EA1-5F52-4C78-A0BC-085A53B4D9A2} = {C0B5A42E-5F7B-4927-9F2E-C9757687D9A6}
		{A80515DE-53D5-4A23-A6A4-44AE89830F4B} = {C0B5A42E-5F7B-4927-9F2E-C9757687D9A6}
		{8F5EE7EB-BD5F-4D53-89AB-2CEA908A1B20} = {A80515DE-53D5-4A23-A6A4-44AE89830F4B}
		{00BE2FA3-A45F-40AC-A300-66B939421399} = {5B36C092-D2B3-470E-B5C4-F9258B61393C}
		{5EB99CC1-9AA7-4E10-92B0-A9276CFB51AD} = {5B36C092-D2B3-470E-B5C4-F9258B61393C}
		{AE4B1CF9-0D71-41F6-AAB2-A1F2585A6B3D} = {5B36C092-D2B3-470E-B5C4-F9258B61393C}
		{99243116-ED1B-4965-92CD-A10AFAD583DD} = {A80515DE-53D5-4A23-A6A4-44AE89830F4B}
		{9CED4C99-3C87-4E5A-B213-9DE8340B2976} = {8F5EE7EB-BD5F-4D53-89AB-2CEA908A1B20}
		{1D1616EA-C9EF-46A4-9301-36C08D0BE50C} = {A80515DE-53D5-4A23-A6A4-44AE89830F4B}
		{01AA80E0-17A8-4437-9F64-41E46912B751} = {365F7513-4E29-4867-A8DF-D2FB76575ED9}
		{365F7513-4E29-4867-A8DF-D2FB76575ED9} = {C7D34EA1-5F52-4C78-A0BC-085A53B4D9A2}
		{44576F95-D848-4440-8F06-ACFBF5FC2032} = {C7D34EA1-5F52-4C78-A0BC-085A53B4D9A2}
		{E71479E8-04D7-409A-A13D-F86488734658} = {44576F95-D848-4440-8F06-ACFBF5FC2032}
		{02ACBE6C-77A0-47BF-84DB-B634D929CC8E} = {8F5EE7EB-BD5F-4D53-89AB-2CEA908A1B20}
		{13F2E6BD-6318-4A0B-8544-18C1FAE7E48B} = {8F5EE7EB-BD5F-4D53-89AB-2CEA908A1B20}
		{5E16EEC9-0E7E-4A05-AEB6-28CC0FB1EA95} = {8F5EE7EB-BD5F-4D53-89AB-2CEA908A1B20}
		{51E210BA-697C-74C9-4589-A5E2BA63BBD4} = {9FCEAFE3-ADB8-4A23-A91B-B7387D8B6F1B}
		{3B3ACB71-1502-404C-8BC1-F1FB9A433A6C} = {C7D34EA1-5F52-4C78-A0BC-085A53B4D9A2}
		{BAFB8C68-DE84-4481-93C8-252205C3F0B4} = {C7D34EA1-5F52-4C78-A0BC-085A53B4D9A2}
		{4831429B-19D1-4F79-A5B7-CB60933AEAC3} = {A80515DE-53D5-4A23-A6A4-44AE89830F4B}
		{9F25044C-757C-4FEF-B34A-AD2316A985DC} = {A80515DE-53D5-4A23-A6A4-44AE89830F4B}
		{ACFD739C-52E9-497C-98B5-2D23AAA7872E} = {A80515DE-53D5-4A23-A6A4-44AE89830F4B}
		{29D2F944-52E4-4635-8AFF-322F78BD6949} = {A80515DE-53D5-4A23-A6A4-44AE89830F4B}
		{ACA23A20-AFF6-470F-8196-2B62A3EE320A} = {A80515DE-53D5-4A23-A6A4-44AE89830F4B}
		{865F06DD-D441-4483-B723-81BCD3E78CEF} = {A80515DE-53D5-4A23-A6A4-44AE89830F4B}
		{FCD0BF90-0E9D-4779-9D0A-D5CDB4EA5470} = {A80515DE-53D5-4A23-A6A4-44AE89830F4B}
		{B7525457-507E-47EC-B54E-B633827E2084} = {8F5EE7EB-BD5F-4D53-89AB-2CEA908A1B20}
		{E45B364C-55C6-46BC-89BD-2D5F31CBE22A} = {8F5EE7EB-BD5F-4D53-89AB-2CEA908A1B20}
		{27F1B3B5-7757-4942-B440-DFB748D992FB} = {8F5EE7EB-BD5F-4D53-89AB-2CEA908A1B20}
		{51CCB65A-E041-4A7E-9E70-E4F9AFAA8D89} = {8F5EE7EB-BD5F-4D53-89AB-2CEA908A1B20}
	EndGlobalSection
	GlobalSection(ExtensibilityGlobals) = postSolution
		SolutionGuid = {47DB1962-6AC0-4FA1-900E-9251AAECDAC0}
	EndGlobalSection
EndGlobal
